// !$*UTF8*$!
{
	archiveVersion = 1;
	classes = {
	};
	objectVersion = 50;
	objects = {

/* Begin PBXBuildFile section */
		FB66237521B9749B00789A39 /* PageViewController.swift in Sources */ = {isa = PBXBuildFile; fileRef = FB66237421B9749B00789A39 /* PageViewController.swift */; };
		FB66237721B974C100789A39 /* AbstractionViewController.swift in Sources */ = {isa = PBXBuildFile; fileRef = FB66237621B974C100789A39 /* AbstractionViewController.swift */; };
		FB670CE021B6D49800F37E0A /* AppDelegate.swift in Sources */ = {isa = PBXBuildFile; fileRef = FB670CDF21B6D49800F37E0A /* AppDelegate.swift */; };
		FB670CE521B6D49800F37E0A /* Main.storyboard in Resources */ = {isa = PBXBuildFile; fileRef = FB670CE321B6D49800F37E0A /* Main.storyboard */; };
		FB670CE721B6D49D00F37E0A /* Assets.xcassets in Resources */ = {isa = PBXBuildFile; fileRef = FB670CE621B6D49D00F37E0A /* Assets.xcassets */; };
/* End PBXBuildFile section */

/* Begin PBXFileReference section */
		FB66237421B9749B00789A39 /* PageViewController.swift */ = {isa = PBXFileReference; fileEncoding = 4; lastKnownFileType = sourcecode.swift; path = PageViewController.swift; sourceTree = "<group>"; };
		FB66237621B974C100789A39 /* AbstractionViewController.swift */ = {isa = PBXFileReference; lastKnownFileType = sourcecode.swift; path = AbstractionViewController.swift; sourceTree = "<group>"; };
		FB670CDC21B6D49800F37E0A /* abstractionApp.app */ = {isa = PBXFileReference; explicitFileType = wrapper.application; includeInIndex = 0; path = abstractionApp.app; sourceTree = BUILT_PRODUCTS_DIR; };
		FB670CDF21B6D49800F37E0A /* AppDelegate.swift */ = {isa = PBXFileReference; lastKnownFileType = sourcecode.swift; path = AppDelegate.swift; sourceTree = "<group>"; };
		FB670CE421B6D49800F37E0A /* Base */ = {isa = PBXFileReference; lastKnownFileType = file.storyboard; name = Base; path = Base.lproj/Main.storyboard; sourceTree = "<group>"; };
		FB670CE621B6D49D00F37E0A /* Assets.xcassets */ = {isa = PBXFileReference; lastKnownFileType = folder.assetcatalog; path = Assets.xcassets; sourceTree = "<group>"; };
		FB670CEB21B6D49D00F37E0A /* Info.plist */ = {isa = PBXFileReference; lastKnownFileType = text.plist.xml; path = Info.plist; sourceTree = "<group>"; };
/* End PBXFileReference section */

/* Begin PBXFrameworksBuildPhase section */
		FB670CD921B6D49800F37E0A /* Frameworks */ = {
			isa = PBXFrameworksBuildPhase;
			buildActionMask = 2147483647;
			files = (
			);
			runOnlyForDeploymentPostprocessing = 0;
		};
/* End PBXFrameworksBuildPhase section */

/* Begin PBXGroup section */
		FB670CD321B6D49800F37E0A = {
			isa = PBXGroup;
			children = (
				FB670CDE21B6D49800F37E0A /* abstractionApp */,
				FB670CDD21B6D49800F37E0A /* Products */,
			);
			sourceTree = "<group>";
		};
		FB670CDD21B6D49800F37E0A /* Products */ = {
			isa = PBXGroup;
			children = (
				FB670CDC21B6D49800F37E0A /* abstractionApp.app */,
			);
			name = Products;
			sourceTree = "<group>";
		};
		FB670CDE21B6D49800F37E0A /* abstractionApp */ = {
			isa = PBXGroup;
			children = (
				FB670CF321B6D52300F37E0A /* Resources */,
				FB670CF121B6D4BD00F37E0A /* Controller */,
				FB670CF221B6D51300F37E0A /* View */,
			);
			path = abstractionApp;
			sourceTree = "<group>";
		};
		FB670CF121B6D4BD00F37E0A /* Controller */ = {
			isa = PBXGroup;
			children = (
				FB66237421B9749B00789A39 /* PageViewController.swift */,
				FB66237621B974C100789A39 /* AbstractionViewController.swift */,
			);
			path = Controller;
			sourceTree = "<group>";
		};
		FB670CF221B6D51300F37E0A /* View */ = {
			isa = PBXGroup;
			children = (
				FB670CE321B6D49800F37E0A /* Main.storyboard */,
			);
			path = View;
			sourceTree = "<group>";
		};
		FB670CF321B6D52300F37E0A /* Resources */ = {
			isa = PBXGroup;
			children = (
				FB670CDF21B6D49800F37E0A /* AppDelegate.swift */,
				FB670CE621B6D49D00F37E0A /* Assets.xcassets */,
				FB670CEB21B6D49D00F37E0A /* Info.plist */,
			);
			path = Resources;
			sourceTree = "<group>";
		};
/* End PBXGroup section */

/* Begin PBXNativeTarget section */
		FB670CDB21B6D49800F37E0A /* abstractionApp */ = {
			isa = PBXNativeTarget;
			buildConfigurationList = FB670CEE21B6D49D00F37E0A /* Build configuration list for PBXNativeTarget "abstractionApp" */;
			buildPhases = (
				FB670CD821B6D49800F37E0A /* Sources */,
				FB670CD921B6D49800F37E0A /* Frameworks */,
				FB670CDA21B6D49800F37E0A /* Resources */,
			);
			buildRules = (
			);
			dependencies = (
			);
			name = abstractionApp;
			productName = abstractionApp;
			productReference = FB670CDC21B6D49800F37E0A /* abstractionApp.app */;
			productType = "com.apple.product-type.application";
		};
/* End PBXNativeTarget section */

/* Begin PBXProject section */
		FB670CD421B6D49800F37E0A /* Project object */ = {
			isa = PBXProject;
			attributes = {
				LastSwiftUpdateCheck = 1000;
				LastUpgradeCheck = 1000;
				ORGANIZATIONNAME = "Judkins, Jensen";
				TargetAttributes = {
					FB670CDB21B6D49800F37E0A = {
						CreatedOnToolsVersion = 10.0;
					};
				};
			};
			buildConfigurationList = FB670CD721B6D49800F37E0A /* Build configuration list for PBXProject "abstractionApp" */;
			compatibilityVersion = "Xcode 9.3";
			developmentRegion = en;
			hasScannedForEncodings = 0;
			knownRegions = (
				en,
				Base,
			);
			mainGroup = FB670CD321B6D49800F37E0A;
			productRefGroup = FB670CDD21B6D49800F37E0A /* Products */;
			projectDirPath = "";
			projectRoot = "";
			targets = (
				FB670CDB21B6D49800F37E0A /* abstractionApp */,
			);
		};
/* End PBXProject section */

/* Begin PBXResourcesBuildPhase section */
		FB670CDA21B6D49800F37E0A /* Resources */ = {
			isa = PBXResourcesBuildPhase;
			buildActionMask = 2147483647;
			files = (
				FB670CE721B6D49D00F37E0A /* Assets.xcassets in Resources */,
				FB670CE521B6D49800F37E0A /* Main.storyboard in Resources */,
			);
			runOnlyForDeploymentPostprocessing = 0;
		};
/* End PBXResourcesBuildPhase section */

/* Begin PBXSourcesBuildPhase section */
		FB670CD821B6D49800F37E0A /* Sources */ = {
			isa = PBXSourcesBuildPhase;
			buildActionMask = 2147483647;
			files = (
				FB66237721B974C100789A39 /* AbstractionViewController.swift in Sources */,
				FB66237521B9749B00789A39 /* PageViewController.swift in Sources */,
				FB670CE021B6D49800F37E0A /* AppDelegate.swift in Sources */,
			);
			runOnlyForDeploymentPostprocessing = 0;
		};
/* End PBXSourcesBuildPhase section */

/* Begin PBXVariantGroup section */
		FB670CE321B6D49800F37E0A /* Main.storyboard */ = {
			isa = PBXVariantGroup;
			children = (
				FB670CE421B6D49800F37E0A /* Base */,
			);
			name = Main.storyboard;
			sourceTree = "<group>";
		};
/* End PBXVariantGroup section */

/* Begin XCBuildConfiguration section */
		FB670CEC21B6D49D00F37E0A /* Debug */ = {
			isa = XCBuildConfiguration;
			buildSettings = {
				ALWAYS_SEARCH_USER_PATHS = NO;
				CLANG_ANALYZER_NONNULL = YES;
				CLANG_ANALYZER_NUMBER_OBJECT_CONVERSION = YES_AGGRESSIVE;
				CLANG_CXX_LANGUAGE_STANDARD = "gnu++14";
				CLANG_CXX_LIBRARY = "libc++";
				CLANG_ENABLE_MODULES = YES;
				CLANG_ENABLE_OBJC_ARC = YES;
				CLANG_ENABLE_OBJC_WEAK = YES;
				CLANG_WARN_BLOCK_CAPTURE_AUTORELEASING = YES;
				CLANG_WARN_BOOL_CONVERSION = YES;
				CLANG_WARN_COMMA = YES;
				CLANG_WARN_CONSTANT_CONVERSION = YES;
				CLANG_WARN_DEPRECATED_OBJC_IMPLEMENTATIONS = YES;
				CLANG_WARN_DIRECT_OBJC_ISA_USAGE = YES_ERROR;
				CLANG_WARN_DOCUMENTATION_COMMENTS = YES;
				CLANG_WARN_EMPTY_BODY = YES;
				CLANG_WARN_ENUM_CONVERSION = YES;
				CLANG_WARN_INFINITE_RECURSION = YES;
				CLANG_WARN_INT_CONVERSION = YES;
				CLANG_WARN_NON_LITERAL_NULL_CONVERSION = YES;
				CLANG_WARN_OBJC_IMPLICIT_RETAIN_SELF = YES;
				CLANG_WARN_OBJC_LITERAL_CONVERSION = YES;
				CLANG_WARN_OBJC_ROOT_CLASS = YES_ERROR;
				CLANG_WARN_RANGE_LOOP_ANALYSIS = YES;
				CLANG_WARN_STRICT_PROTOTYPES = YES;
				CLANG_WARN_SUSPICIOUS_MOVE = YES;
				CLANG_WARN_UNGUARDED_AVAILABILITY = YES_AGGRESSIVE;
				CLANG_WARN_UNREACHABLE_CODE = YES;
				CLANG_WARN__DUPLICATE_METHOD_MATCH = YES;
				CODE_SIGN_IDENTITY = "iPhone Developer";
				COPY_PHASE_STRIP = NO;
				DEBUG_INFORMATION_FORMAT = dwarf;
				ENABLE_STRICT_OBJC_MSGSEND = YES;
				ENABLE_TESTABILITY = YES;
				GCC_C_LANGUAGE_STANDARD = gnu11;
				GCC_DYNAMIC_NO_PIC = NO;
				GCC_NO_COMMON_BLOCKS = YES;
				GCC_OPTIMIZATION_LEVEL = 0;
				GCC_PREPROCESSOR_DEFINITIONS = (
					"DEBUG=1",
					"$(inherited)",
				);
				GCC_WARN_64_TO_32_BIT_CONVERSION = YES;
				GCC_WARN_ABOUT_RETURN_TYPE = YES_ERROR;
				GCC_WARN_UNDECLARED_SELECTOR = YES;
				GCC_WARN_UNINITIALIZED_AUTOS = YES_AGGRESSIVE;
				GCC_WARN_UNUSED_FUNCTION = YES;
				GCC_WARN_UNUSED_VARIABLE = YES;
				IPHONEOS_DEPLOYMENT_TARGET = 12.0;
				MTL_ENABLE_DEBUG_INFO = INCLUDE_SOURCE;
				MTL_FAST_MATH = YES;
				ONLY_ACTIVE_ARCH = YES;
				SDKROOT = iphoneos;
				SWIFT_ACTIVE_COMPILATION_CONDITIONS = DEBUG;
				SWIFT_OPTIMIZATION_LEVEL = "-Onone";
			};
			name = Debug;
		};
		FB670CED21B6D49D00F37E0A /* Release */ = {
			isa = XCBuildConfiguration;
			buildSettings = {
				ALWAYS_SEARCH_USER_PATHS = NO;
				CLANG_ANALYZER_NONNULL = YES;
				CLANG_ANALYZER_NUMBER_OBJECT_CONVERSION = YES_AGGRESSIVE;
				CLANG_CXX_LANGUAGE_STANDARD = "gnu++14";
				CLANG_CXX_LIBRARY = "libc++";
				CLANG_ENABLE_MODULES = YES;
				CLANG_ENABLE_OBJC_ARC = YES;
				CLANG_ENABLE_OBJC_WEAK = YES;
				CLANG_WARN_BLOCK_CAPTURE_AUTORELEASING = YES;
				CLANG_WARN_BOOL_CONVERSION = YES;
				CLANG_WARN_COMMA = YES;
				CLANG_WARN_CONSTANT_CONVERSION = YES;
				CLANG_WARN_DEPRECATED_OBJC_IMPLEMENTATIONS = YES;
				CLANG_WARN_DIRECT_OBJC_ISA_USAGE = YES_ERROR;
				CLANG_WARN_DOCUMENTATION_COMMENTS = YES;
				CLANG_WARN_EMPTY_BODY = YES;
				CLANG_WARN_ENUM_CONVERSION = YES;
				CLANG_WARN_INFINITE_RECURSION = YES;
				CLANG_WARN_INT_CONVERSION = YES;
				CLANG_WARN_NON_LITERAL_NULL_CONVERSION = YES;
				CLANG_WARN_OBJC_IMPLICIT_RETAIN_SELF = YES;
				CLANG_WARN_OBJC_LITERAL_CONVERSION = YES;
				CLANG_WARN_OBJC_ROOT_CLASS = YES_ERROR;
				CLANG_WARN_RANGE_LOOP_ANALYSIS = YES;
				CLANG_WARN_STRICT_PROTOTYPES = YES;
				CLANG_WARN_SUSPICIOUS_MOVE = YES;
				CLANG_WARN_UNGUARDED_AVAILABILITY = YES_AGGRESSIVE;
				CLANG_WARN_UNREACHABLE_CODE = YES;
				CLANG_WARN__DUPLICATE_METHOD_MATCH = YES;
				CODE_SIGN_IDENTITY = "iPhone Developer";
				COPY_PHASE_STRIP = NO;
				DEBUG_INFORMATION_FORMAT = "dwarf-with-dsym";
				ENABLE_NS_ASSERTIONS = NO;
				ENABLE_STRICT_OBJC_MSGSEND = YES;
				GCC_C_LANGUAGE_STANDARD = gnu11;
				GCC_NO_COMMON_BLOCKS = YES;
				GCC_WARN_64_TO_32_BIT_CONVERSION = YES;
				GCC_WARN_ABOUT_RETURN_TYPE = YES_ERROR;
				GCC_WARN_UNDECLARED_SELECTOR = YES;
				GCC_WARN_UNINITIALIZED_AUTOS = YES_AGGRESSIVE;
				GCC_WARN_UNUSED_FUNCTION = YES;
				GCC_WARN_UNUSED_VARIABLE = YES;
				IPHONEOS_DEPLOYMENT_TARGET = 12.0;
				MTL_ENABLE_DEBUG_INFO = NO;
				MTL_FAST_MATH = YES;
				SDKROOT = iphoneos;
				SWIFT_COMPILATION_MODE = wholemodule;
				SWIFT_OPTIMIZATION_LEVEL = "-O";
				VALIDATE_PRODUCT = YES;
			};
			name = Release;
		};
		FB670CEF21B6D49D00F37E0A /* Debug */ = {
			isa = XCBuildConfiguration;
			buildSettings = {
				ASSETCATALOG_COMPILER_APPICON_NAME = AppIcon;
				CODE_SIGN_STYLE = Automatic;
				INFOPLIST_FILE = "$(SRCROOT)/abstractionApp/Resources/Info.plist";
				LD_RUNPATH_SEARCH_PATHS = (
					"$(inherited)",
					"@executable_path/Frameworks",
				);
				PRODUCT_BUNDLE_IDENTIFIER = CTECH.abstractionApp;
				PRODUCT_NAME = "$(TARGET_NAME)";
				SWIFT_VERSION = 4.2;
				TARGETED_DEVICE_FAMILY = "1,2";
			};
			name = Debug;
		};
		FB670CF021B6D49D00F37E0A /* Release */ = {
			isa = XCBuildConfiguration;
			buildSettings = {
				ASSETCATALOG_COMPILER_APPICON_NAME = AppIcon;
				CODE_SIGN_STYLE = Automatic;
				INFOPLIST_FILE = "$(SRCROOT)/abstractionApp/Resources/Info.plist";
				LD_RUNPATH_SEARCH_PATHS = (
					"$(inherited)",
					"@executable_path/Frameworks",
				);
				PRODUCT_BUNDLE_IDENTIFIER = CTECH.abstractionApp;
				PRODUCT_NAME = "$(TARGET_NAME)";
				SWIFT_VERSION = 4.2;
				TARGETED_DEVICE_FAMILY = "1,2";
			};
			name = Release;
		};
/* End XCBuildConfiguration section */

/* Begin XCConfigurationList section */
		FB670CD721B6D49800F37E0A /* Build configuration list for PBXProject "abstractionApp" */ = {
			isa = XCConfigurationList;
			buildConfigurations = (
				FB670CEC21B6D49D00F37E0A /* Debug */,
				FB670CED21B6D49D00F37E0A /* Release */,
			);
			defaultConfigurationIsVisible = 0;
			defaultConfigurationName = Release;
		};
		FB670CEE21B6D49D00F37E0A /* Build configuration list for PBXNativeTarget "abstractionApp" */ = {
			isa = XCConfigurationList;
			buildConfigurations = (
				FB670CEF21B6D49D00F37E0A /* Debug */,
				FB670CF021B6D49D00F37E0A /* Release */,
			);
			defaultConfigurationIsVisible = 0;
			defaultConfigurationName = Release;
		};
/* End XCConfigurationList section */
	};
	rootObject = FB670CD421B6D49800F37E0A /* Project object */;
}
